{
 "profile_host": "[settings]\narch=x86_64\narch_build=x86_64\nbuild_type=Release\ncompiler=apple-clang\ncompiler.libcxx=libc++\ncompiler.version=9.0\ncppstd=17\nos=Macos\nos_build=Macos\n[options]\n[build_requires]\n[env]\n",
 "graph_lock": {
  "nodes": {
   "0": {
    "pref": "cpp_europe/0.1:b2e3a819d71673b82b3da5637d08f43f6be7a126",
    "options": "boost:fPIC=False\nboost:header_only=False\nboost:shared=False\nboost:without_atomic=False\nboost:without_chrono=False\nboost:without_container=False\nboost:without_context=False\nboost:without_coroutine=False\nboost:without_date_time=False\nboost:without_exception=False\nboost:without_fiber=False\nboost:without_filesystem=False\nboost:without_graph=False\nboost:without_graph_parallel=False\nboost:without_iostreams=False\nboost:without_locale=False\nboost:without_log=False\nboost:without_math=False\nboost:without_mpi=False\nboost:without_program_options=False\nboost:without_python=True\nboost:without_random=False\nboost:without_regex=False\nboost:without_serialization=False\nboost:without_signals=False\nboost:without_stacktrace=False\nboost:without_system=False\nboost:without_test=False\nboost:without_thread=False\nboost:without_timer=False\nboost:without_type_erasure=False\nboost:without_wave=False\nbzip2:fPIC=True\nbzip2:shared=False\nzlib:shared=False",
    "requires": {
     "boost/1.66.0@conan/stable#c5bd6c83414f00691dec76c5b316ef20": "1"
    },
    "path": "/Users/apple/pathfinder/conan/conanfile.py"
   },
   "1": {
    "pref": "boost/1.66.0@conan/stable#c5bd6c83414f00691dec76c5b316ef20:092700693deec62165209983c333a9c378db1c2f#9d5b0a7937bf0d1cb752886071fe3606",
    "options": "fPIC=False\nheader_only=False\nshared=False\nwithout_atomic=False\nwithout_chrono=False\nwithout_container=False\nwithout_context=False\nwithout_coroutine=False\nwithout_date_time=False\nwithout_exception=False\nwithout_fiber=False\nwithout_filesystem=False\nwithout_graph=False\nwithout_graph_parallel=False\nwithout_iostreams=False\nwithout_locale=False\nwithout_log=False\nwithout_math=False\nwithout_mpi=False\nwithout_program_options=False\nwithout_python=True\nwithout_random=False\nwithout_regex=False\nwithout_serialization=False\nwithout_signals=False\nwithout_stacktrace=False\nwithout_system=False\nwithout_test=False\nwithout_thread=False\nwithout_timer=False\nwithout_type_erasure=False\nwithout_wave=False\nbzip2:fPIC=True\nbzip2:shared=False\nzlib:shared=False",
    "requires": {
     "bzip2/1.0.6@conan/stable#dc50ca0afd0061913e087829ec86eb11": "2",
     "zlib/1.2.11@conan/stable#f8c9ed0fa5e7b2c6ff05a7f7a2173bad": "3"
    }
   },
   "2": {
    "pref": "bzip2/1.0.6@conan/stable#dc50ca0afd0061913e087829ec86eb11:aa84d9aecf24e625da451318795116f31a55ba90#9b3e00cbfcf5f9c3f391b1c07448de94",
    "options": "fPIC=True\nshared=False"
   },
   "3": {
    "pref": "zlib/1.2.11@conan/stable#f8c9ed0fa5e7b2c6ff05a7f7a2173bad:8018a4df6e7d2b4630a814fa40c81b85b9182d2b#f659b0424762e59a7b9355e90422b882",
    "options": "shared=False"
   }
  }
 },
 "version": "0.2"
}